
Microsoft Visual Studio Solution File, Format Version 12.00
Project("{FAE04EC0-301F-11D3-BF4B-00C04F79EFBC}") = "backend", "backend\backend.csproj", "{7652D5DB-3F01-4FA9-807D-5DFED30E346E}"
EndProject
Global
	GlobalSection(SolutionConfigurationPlatforms) = preSolution
		Debug|Any CPU = Debug|Any CPU
		Release|Any CPU = Release|Any CPU
	EndGlobalSection
	GlobalSection(ProjectConfigurationPlatforms) = postSolution
		{7652D5DB-3F01-4FA9-807D-5DFED30E346E}.Debug|Any CPU.ActiveCfg = Debug|Any CPU
		{7652D5DB-3F01-4FA9-807D-5DFED30E346E}.Debug|Any CPU.Build.0 = Debug|Any CPU
		{7652D5DB-3F01-4FA9-807D-5DFED30E346E}.Release|Any CPU.ActiveCfg = Release|Any CPU
		{7652D5DB-3F01-4FA9-807D-5DFED30E346E}.Release|Any CPU.Build.0 = Release|Any CPU
	EndGlobalSection
EndGlobal
